
Microsoft Visual Studio Solution File, Format Version 12.00
# Visual Studio Version 16
VisualStudioVersion = 16.0.31313.79
MinimumVisualStudioVersion = 10.0.40219.1
Project("{8BC9CEB8-8B4A-11D0-8D11-00A0C91BC942}") = "bai11", "bai11\bai11.vcxproj", "{F568EC1F-E4CC-4612-A1EB-DF55AD44FA52}"
EndProject
Project("{8BC9CEB8-8B4A-11D0-8D11-00A0C91BC942}") = "bai12", "bai12\bai12.vcxproj", "{4C0D08BD-54B1-40B6-9474-8DD59BD68B02}"
EndProject
Global
	GlobalSection(SolutionConfigurationPlatforms) = preSolution
		Debug|x64 = Debug|x64
		Debug|x86 = Debug|x86
		Release|x64 = Release|x64
		Release|x86 = Release|x86
	EndGlobalSection
	GlobalSection(ProjectConfigurationPlatforms) = postSolution
		{F568EC1F-E4CC-4612-A1EB-DF55AD44FA52}.Debug|x64.ActiveCfg = Debug|x64
		{F568EC1F-E4CC-4612-A1EB-DF55AD44FA52}.Debug|x64.Build.0 = Debug|x64
		{F568EC1F-E4CC-4612-A1EB-DF55AD44FA52}.Debug|x86.ActiveCfg = Debug|Win32
		{F568EC1F-E4CC-4612-A1EB-DF55AD44FA52}.Debug|x86.Build.0 = Debug|Win32
		{F568EC1F-E4CC-4612-A1EB-DF55AD44FA52}.Release|x64.ActiveCfg = Release|x64
		{F568EC1F-E4CC-4612-A1EB-DF55AD44FA52}.Release|x64.Build.0 = Release|x64
		{F568EC1F-E4CC-4612-A1EB-DF55AD44FA52}.Release|x86.ActiveCfg = Release|Win32
		{F568EC1F-E4CC-4612-A1EB-DF55AD44FA52}.Release|x86.Build.0 = Release|Win32
		{4C0D08BD-54B1-40B6-9474-8DD59BD68B02}.Debug|x64.ActiveCfg = Debug|x64
		{4C0D08BD-54B1-40B6-9474-8DD59BD68B02}.Debug|x64.Build.0 = Debug|x64
		{4C0D08BD-54B1-40B6-9474-8DD59BD68B02}.Debug|x86.ActiveCfg = Debug|Win32
		{4C0D08BD-54B1-40B6-9474-8DD59BD68B02}.Debug|x86.Build.0 = Debug|Win32
		{4C0D08BD-54B1-40B6-9474-8DD59BD68B02}.Release|x64.ActiveCfg = Release|x64
		{4C0D08BD-54B1-40B6-9474-8DD59BD68B02}.Release|x64.Build.0 = Release|x64
		{4C0D08BD-54B1-40B6-9474-8DD59BD68B02}.Release|x86.ActiveCfg = Release|Win32
		{4C0D08BD-54B1-40B6-9474-8DD59BD68B02}.Release|x86.Build.0 = Release|Win32
	EndGlobalSection
	GlobalSection(SolutionProperties) = preSolution
		HideSolutionNode = FALSE
	EndGlobalSection
	GlobalSection(ExtensibilityGlobals) = postSolution
		SolutionGuid = {58DAA2E7-F0F0-4837-BBF9-98562F8E2C19}
	EndGlobalSection
EndGlobal
